{
  "originHash" : "015c03166a7d721a214df2599bf5afbd04bb1c881e66773c01f3918325beb233",
  "pins" : [
    {
      "identity" : "atlantis",
      "kind" : "remoteSourceControl",
      "location" : "https://github.com/ProxymanApp/atlantis",
      "state" : {
        "revision" : "92ca545af63a4ff96eaeb8a662ffea29e1f47f08",
        "version" : "1.28.0"
      }
    },
    {
      "identity" : "confettiswiftui",
      "kind" : "remoteSourceControl",
      "location" : "https://github.com/simibac/ConfettiSwiftUI.git",
      "state" : {
        "revision" : "79666d42b882bf7921b1941fa7c636d681d77980",
        "version" : "2.0.3"
      }
    }
  ],
  "version" : 3
}
