{
  "originHash" : "bd0d8bfa662fb161643ada9a5324b83d57c77069a831b7938029167f031bb3ab",
  "pins" : [
    {
      "identity" : "appauth-ios",
      "kind" : "remoteSourceControl",
      "location" : "https://github.com/openid/AppAuth-iOS",
      "state" : {
        "revision" : "145104f5ea9d58ae21b60add007c33c1cc0c948e",
        "version" : "2.0.0"
      }
    },
    {
      "identity" : "confettiswiftui",
      "kind" : "remoteSourceControl",
      "location" : "https://github.com/simibac/ConfettiSwiftUI.git",
      "state" : {
        "revision" : "79666d42b882bf7921b1941fa7c636d681d77980",
        "version" : "2.0.3"
      }
    }
  ],
  "version" : 3
}
